
Microsoft Visual Studio Solution File, Format Version 12.00
# Visual Studio Version 17
VisualStudioVersion = 17.12.35707.178 d17.12
MinimumVisualStudioVersion = 10.0.40219.1
Project("{FAE04EC0-301F-11D3-BF4B-00C04F79EFBC}") = "ExamCRUD", "ExamCRUD\ExamCRUD.csproj", "{B6A8C189-6ED8-48E7-8AA0-2D82E97EA741}"
EndProject
Project("{FAE04EC0-301F-11D3-BF4B-00C04F79EFBC}") = "APITEST", "APITEST\APITEST.csproj", "{77AB5C5D-7A26-4730-94AB-D91E5183F076}"
EndProject
Global
	GlobalSection(SolutionConfigurationPlatforms) = preSolution
		Debug|Any CPU = Debug|Any CPU
		Release|Any CPU = Release|Any CPU
	EndGlobalSection
	GlobalSection(ProjectConfigurationPlatforms) = postSolution
		{B6A8C189-6ED8-48E7-8AA0-2D82E97EA741}.Debug|Any CPU.ActiveCfg = Debug|Any CPU
		{B6A8C189-6ED8-48E7-8AA0-2D82E97EA741}.Debug|Any CPU.Build.0 = Debug|Any CPU
		{B6A8C189-6ED8-48E7-8AA0-2D82E97EA741}.Release|Any CPU.ActiveCfg = Release|Any CPU
		{B6A8C189-6ED8-48E7-8AA0-2D82E97EA741}.Release|Any CPU.Build.0 = Release|Any CPU
		{77AB5C5D-7A26-4730-94AB-D91E5183F076}.Debug|Any CPU.ActiveCfg = Debug|Any CPU
		{77AB5C5D-7A26-4730-94AB-D91E5183F076}.Debug|Any CPU.Build.0 = Debug|Any CPU
		{77AB5C5D-7A26-4730-94AB-D91E5183F076}.Release|Any CPU.ActiveCfg = Release|Any CPU
		{77AB5C5D-7A26-4730-94AB-D91E5183F076}.Release|Any CPU.Build.0 = Release|Any CPU
	EndGlobalSection
	GlobalSection(SolutionProperties) = preSolution
		HideSolutionNode = FALSE
	EndGlobalSection
EndGlobal
